{
    "_readme": [
        "This file locks the dependencies of your project to a known state",
        "Read more about it at https://getcomposer.org/doc/01-basic-usage.md#installing-dependencies",
        "This file is @generated automatically"
    ],
    "content-hash": "a30da295c1beac8ff9796d2e9bfc9c03",
    "packages": [
        {
            "name": "mensbeam/html-parser",
            "version": "1.3.1",
            "source": {
                "type": "git",
                "url": "https://github.com/mensbeam/HTML-Parser.git",
                "reference": "2b8a31ce472190013faab710f6f7ad41a486a740"
            },
            "dist": {
                "type": "zip",
                "url": "https://api.github.com/repos/mensbeam/HTML-Parser/zipball/2b8a31ce472190013faab710f6f7ad41a486a740",
                "reference": "2b8a31ce472190013faab710f6f7ad41a486a740",
                "shasum": ""
            },
            "require": {
                "ext-dom": "*",
                "mensbeam/intl": ">=0.9.1",
                "mensbeam/mimesniff": ">=0.2.0",
                "php": ">=7.1"
            },
            "require-dev": {
                "bamarni/composer-bin-plugin": "^1.3"
            },
            "suggest": {
                "ext-ctype": "Improved performance"
            },
            "type": "library",
            "autoload": {
                "files": [
                    "lib/Parser/ctype.php"
                ],
                "psr-4": {
                    "MensBeam\\HTML\\": [
                        "lib/"
                    ]
                },
                "classmap": [
                    "lib/Parser/Token.php"
                ]
            },
            "notification-url": "https://packagist.org/downloads/",
            "license": [
                "MIT"
            ],
            "authors": [
                {
                    "name": "Dustin Wilson",
                    "email": "dustin@dustinwilson.com",
                    "homepage": "https://dustinwilson.com/"
                },
                {
                    "name": "J. King",
                    "email": "jking@jkingweb.ca",
                    "homepage": "https://jkingweb.ca/"
                }
            ],
            "description": "Parser and serializer for modern HTML documents",
            "keywords": [
                "HTML5",
                "WHATWG",
                "dom",
                "html",
                "parser",
                "parsing"
            ],
            "support": {
                "source": "https://github.com/mensbeam/HTML-Parser/tree/1.3.1"
            },
            "time": "2023-04-20T19:55:47+00:00"
        },
        {
            "name": "mensbeam/intl",
            "version": "0.9.2",
            "source": {
                "type": "git",
                "url": "https://github.com/mensbeam/intl.git",
                "reference": "88dbf8398ab69e71164ac073f9ec011be2baa4ae"
            },
            "dist": {
                "type": "zip",
                "url": "https://api.github.com/repos/mensbeam/intl/zipball/88dbf8398ab69e71164ac073f9ec011be2baa4ae",
                "reference": "88dbf8398ab69e71164ac073f9ec011be2baa4ae",
                "shasum": ""
            },
            "require": {
                "php": ">=7.1"
            },
            "require-dev": {
                "bamarni/composer-bin-plugin": "*",
                "ext-intl": "*"
            },
            "type": "library",
            "autoload": {
                "psr-4": {
                    "MensBeam\\Intl\\": "lib/"
                }
            },
            "notification-url": "https://packagist.org/downloads/",
            "license": [
                "MIT"
            ],
            "authors": [
                {
                    "name": "J. King",
                    "email": "jking@jkingweb.ca",
                    "homepage": "https://jkingweb.ca/"
                }
            ],
            "description": "A set of dependency-free basic internationalization tools",
            "keywords": [
                "WHATWG",
                "charset",
                "encoding",
                "internationalization",
                "intl",
                "unicode",
                "utf-8",
                "utf8"
            ],
            "support": {
                "issues": "https://github.com/mensbeam/intl/issues",
                "source": "https://github.com/mensbeam/intl/tree/0.9.2"
            },
            "time": "2023-01-25T22:12:58+00:00"
        },
        {
            "name": "mensbeam/mimesniff",
            "version": "0.2.1",
            "source": {
                "type": "git",
                "url": "https://github.com/mensbeam/mime.git",
                "reference": "c19be2496ab1e27fbf9c3483c2a9faa2781796cd"
            },
            "dist": {
                "type": "zip",
                "url": "https://api.github.com/repos/mensbeam/mime/zipball/c19be2496ab1e27fbf9c3483c2a9faa2781796cd",
                "reference": "c19be2496ab1e27fbf9c3483c2a9faa2781796cd",
                "shasum": ""
            },
            "require": {
                "php": ">=7.1",
                "psr/http-message": "^1.0"
            },
            "require-dev": {
                "bamarni/composer-bin-plugin": "^1.3",
                "ext-intl": "*"
            },
            "type": "library",
            "autoload": {
                "psr-4": {
                    "MensBeam\\Mime\\": "lib/"
                }
            },
            "notification-url": "https://packagist.org/downloads/",
            "license": [
                "MIT"
            ],
            "authors": [
                {
                    "name": "J. King",
                    "email": "jking@jkingweb.ca",
                    "homepage": "https://jkingweb.ca/"
                }
            ],
            "description": "An implementation of the WHATWG MIME Sniffing specification",
            "keywords": [
                "WHATWG",
                "mime",
                "mimesniff"
            ],
            "support": {
                "issues": "https://github.com/mensbeam/mime/issues",
                "source": "https://github.com/mensbeam/mime/tree/0.2.1"
            },
            "time": "2021-03-07T03:58:00+00:00"
        },
        {
            "name": "psr/http-message",
            "version": "1.1",
            "source": {
                "type": "git",
                "url": "https://github.com/php-fig/http-message.git",
                "reference": "cb6ce4845ce34a8ad9e68117c10ee90a29919eba"
            },
            "dist": {
                "type": "zip",
                "url": "https://api.github.com/repos/php-fig/http-message/zipball/cb6ce4845ce34a8ad9e68117c10ee90a29919eba",
                "reference": "cb6ce4845ce34a8ad9e68117c10ee90a29919eba",
                "shasum": ""
            },
            "require": {
                "php": "^7.2 || ^8.0"
            },
            "type": "library",
            "extra": {
                "branch-alias": {
                    "dev-master": "1.1.x-dev"
                }
            },
            "autoload": {
                "psr-4": {
                    "Psr\\Http\\Message\\": "src/"
                }
            },
            "notification-url": "https://packagist.org/downloads/",
            "license": [
                "MIT"
            ],
            "authors": [
                {
                    "name": "PHP-FIG",
                    "homepage": "http://www.php-fig.org/"
                }
            ],
            "description": "Common interface for HTTP messages",
            "homepage": "https://github.com/php-fig/http-message",
            "keywords": [
                "http",
                "http-message",
                "psr",
                "psr-7",
                "request",
                "response"
            ],
            "support": {
                "source": "https://github.com/php-fig/http-message/tree/1.1"
            },
            "time": "2023-04-04T09:50:52+00:00"
        },
        {
            "name": "symfony/polyfill-intl-idn",
            "version": "v1.27.0",
            "source": {
                "type": "git",
                "url": "https://github.com/symfony/polyfill-intl-idn.git",
                "reference": "639084e360537a19f9ee352433b84ce831f3d2da"
            },
            "dist": {
                "type": "zip",
                "url": "https://api.github.com/repos/symfony/polyfill-intl-idn/zipball/639084e360537a19f9ee352433b84ce831f3d2da",
                "reference": "639084e360537a19f9ee352433b84ce831f3d2da",
                "shasum": ""
            },
            "require": {
                "php": ">=7.1",
                "symfony/polyfill-intl-normalizer": "^1.10",
                "symfony/polyfill-php72": "^1.10"
            },
            "suggest": {
                "ext-intl": "For best performance"
            },
            "type": "library",
            "extra": {
                "branch-alias": {
                    "dev-main": "1.27-dev"
                },
                "thanks": {
                    "name": "symfony/polyfill",
                    "url": "https://github.com/symfony/polyfill"
                }
            },
            "autoload": {
                "files": [
                    "bootstrap.php"
                ],
                "psr-4": {
                    "Symfony\\Polyfill\\Intl\\Idn\\": ""
                }
            },
            "notification-url": "https://packagist.org/downloads/",
            "license": [
                "MIT"
            ],
            "authors": [
                {
                    "name": "Laurent Bassin",
                    "email": "laurent@bassin.info"
                },
                {
                    "name": "Trevor Rowbotham",
                    "email": "trevor.rowbotham@pm.me"
                },
                {
                    "name": "Symfony Community",
                    "homepage": "https://symfony.com/contributors"
                }
            ],
            "description": "Symfony polyfill for intl's idn_to_ascii and idn_to_utf8 functions",
            "homepage": "https://symfony.com",
            "keywords": [
                "compatibility",
                "idn",
                "intl",
                "polyfill",
                "portable",
                "shim"
            ],
            "support": {
                "source": "https://github.com/symfony/polyfill-intl-idn/tree/v1.27.0"
            },
            "funding": [
                {
                    "url": "https://symfony.com/sponsor",
                    "type": "custom"
                },
                {
                    "url": "https://github.com/fabpot",
                    "type": "github"
                },
                {
                    "url": "https://tidelift.com/funding/github/packagist/symfony/symfony",
                    "type": "tidelift"
                }
            ],
            "time": "2022-11-03T14:55:06+00:00"
        },
        {
            "name": "symfony/polyfill-intl-normalizer",
            "version": "v1.27.0",
            "source": {
                "type": "git",
                "url": "https://github.com/symfony/polyfill-intl-normalizer.git",
                "reference": "19bd1e4fcd5b91116f14d8533c57831ed00571b6"
            },
            "dist": {
                "type": "zip",
                "url": "https://api.github.com/repos/symfony/polyfill-intl-normalizer/zipball/19bd1e4fcd5b91116f14d8533c57831ed00571b6",
                "reference": "19bd1e4fcd5b91116f14d8533c57831ed00571b6",
                "shasum": ""
            },
            "require": {
                "php": ">=7.1"
            },
            "suggest": {
                "ext-intl": "For best performance"
            },
            "type": "library",
            "extra": {
                "branch-alias": {
                    "dev-main": "1.27-dev"
                },
                "thanks": {
                    "name": "symfony/polyfill",
                    "url": "https://github.com/symfony/polyfill"
                }
            },
            "autoload": {
                "files": [
                    "bootstrap.php"
                ],
                "psr-4": {
                    "Symfony\\Polyfill\\Intl\\Normalizer\\": ""
                },
                "classmap": [
                    "Resources/stubs"
                ]
            },
            "notification-url": "https://packagist.org/downloads/",
            "license": [
                "MIT"
            ],
            "authors": [
                {
                    "name": "Nicolas Grekas",
                    "email": "p@tchwork.com"
                },
                {
                    "name": "Symfony Community",
                    "homepage": "https://symfony.com/contributors"
                }
            ],
            "description": "Symfony polyfill for intl's Normalizer class and related functions",
            "homepage": "https://symfony.com",
            "keywords": [
                "compatibility",
                "intl",
                "normalizer",
                "polyfill",
                "portable",
                "shim"
            ],
            "support": {
                "source": "https://github.com/symfony/polyfill-intl-normalizer/tree/v1.27.0"
            },
            "funding": [
                {
                    "url": "https://symfony.com/sponsor",
                    "type": "custom"
                },
                {
                    "url": "https://github.com/fabpot",
                    "type": "github"
                },
                {
                    "url": "https://tidelift.com/funding/github/packagist/symfony/symfony",
                    "type": "tidelift"
                }
            ],
            "time": "2022-11-03T14:55:06+00:00"
        },
        {
            "name": "symfony/polyfill-php72",
            "version": "v1.27.0",
            "source": {
                "type": "git",
                "url": "https://github.com/symfony/polyfill-php72.git",
                "reference": "869329b1e9894268a8a61dabb69153029b7a8c97"
            },
            "dist": {
                "type": "zip",
                "url": "https://api.github.com/repos/symfony/polyfill-php72/zipball/869329b1e9894268a8a61dabb69153029b7a8c97",
                "reference": "869329b1e9894268a8a61dabb69153029b7a8c97",
                "shasum": ""
            },
            "require": {
                "php": ">=7.1"
            },
            "type": "library",
            "extra": {
                "branch-alias": {
                    "dev-main": "1.27-dev"
                },
                "thanks": {
                    "name": "symfony/polyfill",
                    "url": "https://github.com/symfony/polyfill"
                }
            },
            "autoload": {
                "files": [
                    "bootstrap.php"
                ],
                "psr-4": {
                    "Symfony\\Polyfill\\Php72\\": ""
                }
            },
            "notification-url": "https://packagist.org/downloads/",
            "license": [
                "MIT"
            ],
            "authors": [
                {
                    "name": "Nicolas Grekas",
                    "email": "p@tchwork.com"
                },
                {
                    "name": "Symfony Community",
                    "homepage": "https://symfony.com/contributors"
                }
            ],
            "description": "Symfony polyfill backporting some PHP 7.2+ features to lower PHP versions",
            "homepage": "https://symfony.com",
            "keywords": [
                "compatibility",
                "polyfill",
                "portable",
                "shim"
            ],
            "support": {
                "source": "https://github.com/symfony/polyfill-php72/tree/v1.27.0"
            },
            "funding": [
                {
                    "url": "https://symfony.com/sponsor",
                    "type": "custom"
                },
                {
                    "url": "https://github.com/fabpot",
                    "type": "github"
                },
                {
                    "url": "https://tidelift.com/funding/github/packagist/symfony/symfony",
                    "type": "tidelift"
                }
            ],
            "time": "2022-11-03T14:55:06+00:00"
        }
    ],
    "packages-dev": [
        {
            "name": "bamarni/composer-bin-plugin",
            "version": "1.8.2",
            "source": {
                "type": "git",
                "url": "https://github.com/bamarni/composer-bin-plugin.git",
                "reference": "92fd7b1e6e9cdae19b0d57369d8ad31a37b6a880"
            },
            "dist": {
                "type": "zip",
                "url": "https://api.github.com/repos/bamarni/composer-bin-plugin/zipball/92fd7b1e6e9cdae19b0d57369d8ad31a37b6a880",
                "reference": "92fd7b1e6e9cdae19b0d57369d8ad31a37b6a880",
                "shasum": ""
            },
            "require": {
                "composer-plugin-api": "^2.0",
                "php": "^7.2.5 || ^8.0"
            },
            "require-dev": {
                "composer/composer": "^2.0",
                "ext-json": "*",
                "phpstan/extension-installer": "^1.1",
                "phpstan/phpstan": "^1.8",
                "phpstan/phpstan-phpunit": "^1.1",
                "phpunit/phpunit": "^8.5 || ^9.5",
                "symfony/console": "^2.8.52 || ^3.4.35 || ^4.4 || ^5.0 || ^6.0",
                "symfony/finder": "^2.8.52 || ^3.4.35 || ^4.4 || ^5.0 || ^6.0",
                "symfony/process": "^2.8.52 || ^3.4.35 || ^4.4 || ^5.0 || ^6.0"
            },
            "type": "composer-plugin",
            "extra": {
                "class": "Bamarni\\Composer\\Bin\\BamarniBinPlugin"
            },
            "autoload": {
                "psr-4": {
                    "Bamarni\\Composer\\Bin\\": "src"
                }
            },
            "notification-url": "https://packagist.org/downloads/",
            "license": [
                "MIT"
            ],
            "description": "No conflicts for your bin dependencies",
            "keywords": [
                "composer",
                "conflict",
                "dependency",
                "executable",
                "isolation",
                "tool"
            ],
            "support": {
                "issues": "https://github.com/bamarni/composer-bin-plugin/issues",
                "source": "https://github.com/bamarni/composer-bin-plugin/tree/1.8.2"
            },
            "time": "2022-10-31T08:38:03+00:00"
        }
    ],
    "aliases": [],
    "minimum-stability": "stable",
    "stability-flags": [],
    "prefer-stable": false,
    "prefer-lowest": false,
    "platform": {
        "php": ">=7.3",
        "ext-json": "*",
        "ext-dom": "*"
    },
    "platform-dev": [],
    "platform-overrides": {
        "php": "7.3.33"
    },
    "plugin-api-version": "2.3.0"
}
